
Microsoft Visual Studio Solution File, Format Version 12.00
# Visual Studio Version 17
VisualStudioVersion = 17.14.36511.14 d17.14
MinimumVisualStudioVersion = 10.0.40219.1
Project("{FAE04EC0-301F-11D3-BF4B-00C04F79EFBC}") = "Configurator", "Configurator.csproj", "{F62CC5D5-AF33-4A58-86D2-C66CD8D463BA}"
EndProject
Global
	GlobalSection(SolutionConfigurationPlatforms) = preSolution
		Debug|Any CPU = Debug|Any CPU
		Release|Any CPU = Release|Any CPU
	EndGlobalSection
	GlobalSection(ProjectConfigurationPlatforms) = postSolution
		{F62CC5D5-AF33-4A58-86D2-C66CD8D463BA}.Debug|Any CPU.ActiveCfg = Debug|Any CPU
		{F62CC5D5-AF33-4A58-86D2-C66CD8D463BA}.Debug|Any CPU.Build.0 = Debug|Any CPU
		{F62CC5D5-AF33-4A58-86D2-C66CD8D463BA}.Release|Any CPU.ActiveCfg = Release|Any CPU
		{F62CC5D5-AF33-4A58-86D2-C66CD8D463BA}.Release|Any CPU.Build.0 = Release|Any CPU
	EndGlobalSection
	GlobalSection(SolutionProperties) = preSolution
		HideSolutionNode = FALSE
	EndGlobalSection
	GlobalSection(ExtensibilityGlobals) = postSolution
		SolutionGuid = {D3FBBEF7-48CD-433F-88E5-78416C61D1FB}
	EndGlobalSection
EndGlobal
